
Microsoft Visual Studio Solution File, Format Version 12.00
# Visual Studio Version 16
VisualStudioVersion = 16.0.30011.22
MinimumVisualStudioVersion = 10.0.40219.1
Project("{FAE04EC0-301F-11D3-BF4B-00C04F79EFBC}") = "Hexahue", "Hexahue.csproj", "{625BA9FF-49E9-4DF5-B571-06587B46D9DF}"
EndProject
Global
	GlobalSection(SolutionConfigurationPlatforms) = preSolution
		Debug|Any CPU = Debug|Any CPU
		Release|Any CPU = Release|Any CPU
	EndGlobalSection
	GlobalSection(ProjectConfigurationPlatforms) = postSolution
		{625BA9FF-49E9-4DF5-B571-06587B46D9DF}.Debug|Any CPU.ActiveCfg = Debug|Any CPU
		{625BA9FF-49E9-4DF5-B571-06587B46D9DF}.Debug|Any CPU.Build.0 = Debug|Any CPU
		{625BA9FF-49E9-4DF5-B571-06587B46D9DF}.Release|Any CPU.ActiveCfg = Release|Any CPU
		{625BA9FF-49E9-4DF5-B571-06587B46D9DF}.Release|Any CPU.Build.0 = Release|Any CPU
	EndGlobalSection
	GlobalSection(SolutionProperties) = preSolution
		HideSolutionNode = FALSE
	EndGlobalSection
	GlobalSection(ExtensibilityGlobals) = postSolution
		SolutionGuid = {859D5FBF-38D6-40A2-AED5-A8BD5B0BFC7D}
	EndGlobalSection
EndGlobal
